
Microsoft Visual Studio Solution File, Format Version 11.00
# Visual Studio 2010
Project("{FAE04EC0-301F-11D3-BF4B-00C04F79EFBC}") = "text4net", "text4net\text4net.csproj", "{B259F6C6-5DF8-4635-BDBF-015A5CB134F4}"
EndProject
Project("{FAE04EC0-301F-11D3-BF4B-00C04F79EFBC}") = "text4net-core", "text4net-core\text4net-core.csproj", "{77E40DDD-45DD-484B-8AD0-A5056A709E0A}"
EndProject
Project("{FAE04EC0-301F-11D3-BF4B-00C04F79EFBC}") = "text4net-common", "text4net-common\text4net-common.csproj", "{AA26ED68-4E1C-45BF-8D81-63ED84DE436E}"
EndProject
Project("{FAE04EC0-301F-11D3-BF4B-00C04F79EFBC}") = "text4net-bod", "text4net-bod\text4net-bod.csproj", "{5F5F7795-2F19-44C1-B484-865334306F3C}"
EndProject
Project("{FAE04EC0-301F-11D3-BF4B-00C04F79EFBC}") = "text4net-app", "text4net-app\text4net-app.csproj", "{1DDFA354-452E-409E-AD02-18456F4CABA4}"
EndProject
Project("{FAE04EC0-301F-11D3-BF4B-00C04F79EFBC}") = "text4net-tools", "text4net-tools\text4net-tools.csproj", "{398F3BFB-FE1B-444B-905E-0936A5B12879}"
EndProject
Project("{FAE04EC0-301F-11D3-BF4B-00C04F79EFBC}") = "text4net-model", "text4net-model\text4net-model.csproj", "{D8BB0C56-472C-4FD5-8686-0B20BEF7434D}"
EndProject
Global
	GlobalSection(SolutionConfigurationPlatforms) = preSolution
		Debug|Any CPU = Debug|Any CPU
		Debug|Mixed Platforms = Debug|Mixed Platforms
		Debug|x86 = Debug|x86
		Release|Any CPU = Release|Any CPU
		Release|Mixed Platforms = Release|Mixed Platforms
		Release|x86 = Release|x86
	EndGlobalSection
	GlobalSection(ProjectConfigurationPlatforms) = postSolution
		{B259F6C6-5DF8-4635-BDBF-015A5CB134F4}.Debug|Any CPU.ActiveCfg = Debug|Any CPU
		{B259F6C6-5DF8-4635-BDBF-015A5CB134F4}.Debug|Any CPU.Build.0 = Debug|Any CPU
		{B259F6C6-5DF8-4635-BDBF-015A5CB134F4}.Debug|Mixed Platforms.ActiveCfg = Debug|Any CPU
		{B259F6C6-5DF8-4635-BDBF-015A5CB134F4}.Debug|Mixed Platforms.Build.0 = Debug|Any CPU
		{B259F6C6-5DF8-4635-BDBF-015A5CB134F4}.Debug|x86.ActiveCfg = Debug|Any CPU
		{B259F6C6-5DF8-4635-BDBF-015A5CB134F4}.Release|Any CPU.ActiveCfg = Release|Any CPU
		{B259F6C6-5DF8-4635-BDBF-015A5CB134F4}.Release|Any CPU.Build.0 = Release|Any CPU
		{B259F6C6-5DF8-4635-BDBF-015A5CB134F4}.Release|Mixed Platforms.ActiveCfg = Release|Any CPU
		{B259F6C6-5DF8-4635-BDBF-015A5CB134F4}.Release|Mixed Platforms.Build.0 = Release|Any CPU
		{B259F6C6-5DF8-4635-BDBF-015A5CB134F4}.Release|x86.ActiveCfg = Release|Any CPU
		{77E40DDD-45DD-484B-8AD0-A5056A709E0A}.Debug|Any CPU.ActiveCfg = Debug|Any CPU
		{77E40DDD-45DD-484B-8AD0-A5056A709E0A}.Debug|Any CPU.Build.0 = Debug|Any CPU
		{77E40DDD-45DD-484B-8AD0-A5056A709E0A}.Debug|Mixed Platforms.ActiveCfg = Debug|Any CPU
		{77E40DDD-45DD-484B-8AD0-A5056A709E0A}.Debug|Mixed Platforms.Build.0 = Debug|Any CPU
		{77E40DDD-45DD-484B-8AD0-A5056A709E0A}.Debug|x86.ActiveCfg = Debug|Any CPU
		{77E40DDD-45DD-484B-8AD0-A5056A709E0A}.Release|Any CPU.ActiveCfg = Release|Any CPU
		{77E40DDD-45DD-484B-8AD0-A5056A709E0A}.Release|Any CPU.Build.0 = Release|Any CPU
		{77E40DDD-45DD-484B-8AD0-A5056A709E0A}.Release|Mixed Platforms.ActiveCfg = Release|Any CPU
		{77E40DDD-45DD-484B-8AD0-A5056A709E0A}.Release|Mixed Platforms.Build.0 = Release|Any CPU
		{77E40DDD-45DD-484B-8AD0-A5056A709E0A}.Release|x86.ActiveCfg = Release|Any CPU
		{AA26ED68-4E1C-45BF-8D81-63ED84DE436E}.Debug|Any CPU.ActiveCfg = Debug|Any CPU
		{AA26ED68-4E1C-45BF-8D81-63ED84DE436E}.Debug|Any CPU.Build.0 = Debug|Any CPU
		{AA26ED68-4E1C-45BF-8D81-63ED84DE436E}.Debug|Mixed Platforms.ActiveCfg = Debug|Any CPU
		{AA26ED68-4E1C-45BF-8D81-63ED84DE436E}.Debug|Mixed Platforms.Build.0 = Debug|Any CPU
		{AA26ED68-4E1C-45BF-8D81-63ED84DE436E}.Debug|x86.ActiveCfg = Debug|Any CPU
		{AA26ED68-4E1C-45BF-8D81-63ED84DE436E}.Release|Any CPU.ActiveCfg = Release|Any CPU
		{AA26ED68-4E1C-45BF-8D81-63ED84DE436E}.Release|Any CPU.Build.0 = Release|Any CPU
		{AA26ED68-4E1C-45BF-8D81-63ED84DE436E}.Release|Mixed Platforms.ActiveCfg = Release|Any CPU
		{AA26ED68-4E1C-45BF-8D81-63ED84DE436E}.Release|Mixed Platforms.Build.0 = Release|Any CPU
		{AA26ED68-4E1C-45BF-8D81-63ED84DE436E}.Release|x86.ActiveCfg = Release|Any CPU
		{5F5F7795-2F19-44C1-B484-865334306F3C}.Debug|Any CPU.ActiveCfg = Debug|Any CPU
		{5F5F7795-2F19-44C1-B484-865334306F3C}.Debug|Any CPU.Build.0 = Debug|Any CPU
		{5F5F7795-2F19-44C1-B484-865334306F3C}.Debug|Mixed Platforms.ActiveCfg = Debug|Any CPU
		{5F5F7795-2F19-44C1-B484-865334306F3C}.Debug|Mixed Platforms.Build.0 = Debug|Any CPU
		{5F5F7795-2F19-44C1-B484-865334306F3C}.Debug|x86.ActiveCfg = Debug|Any CPU
		{5F5F7795-2F19-44C1-B484-865334306F3C}.Release|Any CPU.ActiveCfg = Release|Any CPU
		{5F5F7795-2F19-44C1-B484-865334306F3C}.Release|Any CPU.Build.0 = Release|Any CPU
		{5F5F7795-2F19-44C1-B484-865334306F3C}.Release|Mixed Platforms.ActiveCfg = Release|Any CPU
		{5F5F7795-2F19-44C1-B484-865334306F3C}.Release|Mixed Platforms.Build.0 = Release|Any CPU
		{5F5F7795-2F19-44C1-B484-865334306F3C}.Release|x86.ActiveCfg = Release|Any CPU
		{1DDFA354-452E-409E-AD02-18456F4CABA4}.Debug|Any CPU.ActiveCfg = Debug|x86
		{1DDFA354-452E-409E-AD02-18456F4CABA4}.Debug|Mixed Platforms.ActiveCfg = Debug|x86
		{1DDFA354-452E-409E-AD02-18456F4CABA4}.Debug|Mixed Platforms.Build.0 = Debug|x86
		{1DDFA354-452E-409E-AD02-18456F4CABA4}.Debug|x86.ActiveCfg = Debug|x86
		{1DDFA354-452E-409E-AD02-18456F4CABA4}.Debug|x86.Build.0 = Debug|x86
		{1DDFA354-452E-409E-AD02-18456F4CABA4}.Release|Any CPU.ActiveCfg = Release|x86
		{1DDFA354-452E-409E-AD02-18456F4CABA4}.Release|Mixed Platforms.ActiveCfg = Release|x86
		{1DDFA354-452E-409E-AD02-18456F4CABA4}.Release|Mixed Platforms.Build.0 = Release|x86
		{1DDFA354-452E-409E-AD02-18456F4CABA4}.Release|x86.ActiveCfg = Release|x86
		{1DDFA354-452E-409E-AD02-18456F4CABA4}.Release|x86.Build.0 = Release|x86
		{398F3BFB-FE1B-444B-905E-0936A5B12879}.Debug|Any CPU.ActiveCfg = Debug|Any CPU
		{398F3BFB-FE1B-444B-905E-0936A5B12879}.Debug|Any CPU.Build.0 = Debug|Any CPU
		{398F3BFB-FE1B-444B-905E-0936A5B12879}.Debug|Mixed Platforms.ActiveCfg = Debug|Any CPU
		{398F3BFB-FE1B-444B-905E-0936A5B12879}.Debug|Mixed Platforms.Build.0 = Debug|Any CPU
		{398F3BFB-FE1B-444B-905E-0936A5B12879}.Debug|x86.ActiveCfg = Debug|Any CPU
		{398F3BFB-FE1B-444B-905E-0936A5B12879}.Release|Any CPU.ActiveCfg = Release|Any CPU
		{398F3BFB-FE1B-444B-905E-0936A5B12879}.Release|Any CPU.Build.0 = Release|Any CPU
		{398F3BFB-FE1B-444B-905E-0936A5B12879}.Release|Mixed Platforms.ActiveCfg = Release|Any CPU
		{398F3BFB-FE1B-444B-905E-0936A5B12879}.Release|Mixed Platforms.Build.0 = Release|Any CPU
		{398F3BFB-FE1B-444B-905E-0936A5B12879}.Release|x86.ActiveCfg = Release|Any CPU
		{D8BB0C56-472C-4FD5-8686-0B20BEF7434D}.Debug|Any CPU.ActiveCfg = Debug|Any CPU
		{D8BB0C56-472C-4FD5-8686-0B20BEF7434D}.Debug|Any CPU.Build.0 = Debug|Any CPU
		{D8BB0C56-472C-4FD5-8686-0B20BEF7434D}.Debug|Mixed Platforms.ActiveCfg = Debug|Any CPU
		{D8BB0C56-472C-4FD5-8686-0B20BEF7434D}.Debug|Mixed Platforms.Build.0 = Debug|Any CPU
		{D8BB0C56-472C-4FD5-8686-0B20BEF7434D}.Debug|x86.ActiveCfg = Debug|Any CPU
		{D8BB0C56-472C-4FD5-8686-0B20BEF7434D}.Release|Any CPU.ActiveCfg = Release|Any CPU
		{D8BB0C56-472C-4FD5-8686-0B20BEF7434D}.Release|Any CPU.Build.0 = Release|Any CPU
		{D8BB0C56-472C-4FD5-8686-0B20BEF7434D}.Release|Mixed Platforms.ActiveCfg = Release|Any CPU
		{D8BB0C56-472C-4FD5-8686-0B20BEF7434D}.Release|Mixed Platforms.Build.0 = Release|Any CPU
		{D8BB0C56-472C-4FD5-8686-0B20BEF7434D}.Release|x86.ActiveCfg = Release|Any CPU
	EndGlobalSection
	GlobalSection(SolutionProperties) = preSolution
		HideSolutionNode = FALSE
	EndGlobalSection
EndGlobal
